
Microsoft Visual Studio Solution File, Format Version 12.00
# Visual Studio Version 17
VisualStudioVersion = 17.3.32811.315
MinimumVisualStudioVersion = 10.0.40219.1
Project("{FAE04EC0-301F-11D3-BF4B-00C04F79EFBC}") = "CMSApp", "CMSApp.csproj", "{BB8817AE-48DF-4672-A1CB-CFB7441B88DA}"
EndProject
Project("{FAE04EC0-301F-11D3-BF4B-00C04F79EFBC}") = "ETG.Module", "..\..\Web\ETG.Module\ETG.Module.csproj", "{8A77928D-CCF6-4DC5-84A9-92C69A0D81BC}"
EndProject
Project("{FAE04EC0-301F-11D3-BF4B-00C04F79EFBC}") = "ETG.Core", "..\..\Web\ETG.Core\ETG.Core.csproj", "{24592C8E-EADD-4786-87F3-6B4EF75A1369}"
EndProject
Project("{FAE04EC0-301F-11D3-BF4B-00C04F79EFBC}") = "ETG.Algolia", "..\..\ETG.Algolia\ETG.Algolia.csproj", "{5AB1C496-FF65-491A-A2DA-B8EDFCC421C1}"
EndProject
Project("{FAE04EC0-301F-11D3-BF4B-00C04F79EFBC}") = "ETG.Data", "..\..\Web\ETG.Data\ETG.Data.csproj", "{0A8BDA24-BF6D-4588-832C-0CFF4D104E63}"
EndProject
Project("{FAE04EC0-301F-11D3-BF4B-00C04F79EFBC}") = "Devotion.Cache", "..\..\Web\Devotion.Cache\Devotion.Cache.csproj", "{E1F033F0-A8DF-481B-96B2-BA78BF246219}"
EndProject
Project("{FAE04EC0-301F-11D3-BF4B-00C04F79EFBC}") = "Devotion.Web.Base", "..\..\Web\Devotion.Web.Base\Devotion.Web.Base.csproj", "{530D4A7C-F81D-4080-9C47-814931CB1375}"
EndProject
Project("{2150E333-8FDC-42A3-9474-1A3956D46DE8}") = "Tests", "Tests", "{67FC7C83-C352-4D8C-9DBA-1C11A0B98914}"
EndProject
Project("{FAE04EC0-301F-11D3-BF4B-00C04F79EFBC}") = "UnitTestProject1", "..\UnitTestProject1\UnitTestProject1.csproj", "{5103714F-D289-4E9A-9C02-35E1AC1D89DF}"
EndProject
Project("{FAE04EC0-301F-11D3-BF4B-00C04F79EFBC}") = "ETG.Module.Interface", "..\ETG.Module.Interface\ETG.Module.Interface.csproj", "{73AF1D0C-18A6-42BA-8F6C-2B85D1C296A8}"
EndProject
Project("{FAE04EC0-301F-11D3-BF4B-00C04F79EFBC}") = "CMSApp.Extension", "..\CMSApp.Extension\CMSApp.Extension.csproj", "{FBDE233E-8DDC-45D8-91EB-5B84B0031127}"
EndProject
Project("{FAE04EC0-301F-11D3-BF4B-00C04F79EFBC}") = "Devotion.DI.Common", "..\..\Web\Devotion.DI.Common\Devotion.DI.Common.csproj", "{97099A70-87ED-46C0-A630-C9DBDE1D810C}"
EndProject
Project("{FAE04EC0-301F-11D3-BF4B-00C04F79EFBC}") = "ETG.WebAPI", "..\..\Web\ETG.WebAPI\ETG.WebAPI.csproj", "{96852DFE-26A5-487E-927B-43D327421364}"
EndProject
Project("{FAE04EC0-301F-11D3-BF4B-00C04F79EFBC}") = "Devotion.Cache.MVC", "..\..\Web\Devotion.Cache.MVC\Devotion.Cache.MVC.csproj", "{69B4CFA4-E5AE-4DDC-BFA3-D56B6CA93E49}"
EndProject
Project("{FAE04EC0-301F-11D3-BF4B-00C04F79EFBC}") = "Devotion.Cache.MVC.Common", "..\..\Web\Devotion.Cache.MVC.Common\Devotion.Cache.MVC.Common.csproj", "{F49A0B66-9BD7-4B87-BECE-8B8D1E6E169F}"
EndProject
Project("{FAE04EC0-301F-11D3-BF4B-00C04F79EFBC}") = "Devotion.Data", "..\..\Web\Devotion.Data\Devotion.Data.csproj", "{4862CE09-E1C6-4A14-A177-DFFA89ADF572}"
EndProject
Project("{FAE04EC0-301F-11D3-BF4B-00C04F79EFBC}") = "Devotion.Automapper.Common", "..\..\Web\Devotion.Automapper.Common\Devotion.Automapper.Common.csproj", "{E28C6675-D374-42BE-AB55-3BBEC1DC935C}"
EndProject
Project("{FAE04EC0-301F-11D3-BF4B-00C04F79EFBC}") = "ETG.PDF", "..\..\Web\ETG.PDF\ETG.PDF.csproj", "{3CB0BB4E-B759-4365-AC7E-2BD7F0550CC9}"
EndProject
Project("{FAE04EC0-301F-11D3-BF4B-00C04F79EFBC}") = "ETG.Module.Booking", "..\ETG.Module.Booking\ETG.Module.Booking.csproj", "{931F00AD-FE9F-4B81-8B76-7BEF8A31D378}"
EndProject
Project("{FAE04EC0-301F-11D3-BF4B-00C04F79EFBC}") = "ETG.Booking.Pricing", "..\..\Web\ETG.Booking.Pricing\ETG.Booking.Pricing.csproj", "{0CF24E0F-ACE9-4ED2-A19F-6F7B7D1CE755}"
EndProject
Project("{FAE04EC0-301F-11D3-BF4B-00C04F79EFBC}") = "ETG.ABCPdf", "..\..\Web\ETG.ABCPdf\ETG.ABCPdf.csproj", "{634F9115-E462-48A4-9CDD-51B0C41C474E}"
EndProject
Global
	GlobalSection(SolutionConfigurationPlatforms) = preSolution
		Debug|Any CPU = Debug|Any CPU
		Debug|x64 = Debug|x64
		Release|Any CPU = Release|Any CPU
		Release|x64 = Release|x64
		Staging|Any CPU = Staging|Any CPU
		Staging|x64 = Staging|x64
		UAT|Any CPU = UAT|Any CPU
		UAT|x64 = UAT|x64
	EndGlobalSection
	GlobalSection(ProjectConfigurationPlatforms) = postSolution
		{BB8817AE-48DF-4672-A1CB-CFB7441B88DA}.Debug|Any CPU.ActiveCfg = Debug|x64
		{BB8817AE-48DF-4672-A1CB-CFB7441B88DA}.Debug|Any CPU.Build.0 = Debug|x64
		{BB8817AE-48DF-4672-A1CB-CFB7441B88DA}.Debug|x64.ActiveCfg = Debug|x64
		{BB8817AE-48DF-4672-A1CB-CFB7441B88DA}.Debug|x64.Build.0 = Debug|x64
		{BB8817AE-48DF-4672-A1CB-CFB7441B88DA}.Release|Any CPU.ActiveCfg = Release|Any CPU
		{BB8817AE-48DF-4672-A1CB-CFB7441B88DA}.Release|Any CPU.Build.0 = Release|Any CPU
		{BB8817AE-48DF-4672-A1CB-CFB7441B88DA}.Release|x64.ActiveCfg = Release|x64
		{BB8817AE-48DF-4672-A1CB-CFB7441B88DA}.Release|x64.Build.0 = Release|x64
		{BB8817AE-48DF-4672-A1CB-CFB7441B88DA}.Staging|Any CPU.ActiveCfg = Staging|Any CPU
		{BB8817AE-48DF-4672-A1CB-CFB7441B88DA}.Staging|Any CPU.Build.0 = Staging|Any CPU
		{BB8817AE-48DF-4672-A1CB-CFB7441B88DA}.Staging|x64.ActiveCfg = Staging|x64
		{BB8817AE-48DF-4672-A1CB-CFB7441B88DA}.Staging|x64.Build.0 = Staging|x64
		{BB8817AE-48DF-4672-A1CB-CFB7441B88DA}.UAT|Any CPU.ActiveCfg = UAT|Any CPU
		{BB8817AE-48DF-4672-A1CB-CFB7441B88DA}.UAT|Any CPU.Build.0 = UAT|Any CPU
		{BB8817AE-48DF-4672-A1CB-CFB7441B88DA}.UAT|x64.ActiveCfg = UAT|x64
		{BB8817AE-48DF-4672-A1CB-CFB7441B88DA}.UAT|x64.Build.0 = UAT|x64
		{8A77928D-CCF6-4DC5-84A9-92C69A0D81BC}.Debug|Any CPU.ActiveCfg = Debug|x64
		{8A77928D-CCF6-4DC5-84A9-92C69A0D81BC}.Debug|Any CPU.Build.0 = Debug|x64
		{8A77928D-CCF6-4DC5-84A9-92C69A0D81BC}.Debug|x64.ActiveCfg = Debug|x64
		{8A77928D-CCF6-4DC5-84A9-92C69A0D81BC}.Debug|x64.Build.0 = Debug|x64
		{8A77928D-CCF6-4DC5-84A9-92C69A0D81BC}.Release|Any CPU.ActiveCfg = Release|Any CPU
		{8A77928D-CCF6-4DC5-84A9-92C69A0D81BC}.Release|Any CPU.Build.0 = Release|Any CPU
		{8A77928D-CCF6-4DC5-84A9-92C69A0D81BC}.Release|x64.ActiveCfg = Release|x64
		{8A77928D-CCF6-4DC5-84A9-92C69A0D81BC}.Release|x64.Build.0 = Release|x64
		{8A77928D-CCF6-4DC5-84A9-92C69A0D81BC}.Staging|Any CPU.ActiveCfg = Staging|Any CPU
		{8A77928D-CCF6-4DC5-84A9-92C69A0D81BC}.Staging|Any CPU.Build.0 = Staging|Any CPU
		{8A77928D-CCF6-4DC5-84A9-92C69A0D81BC}.Staging|x64.ActiveCfg = Staging|x64
		{8A77928D-CCF6-4DC5-84A9-92C69A0D81BC}.Staging|x64.Build.0 = Staging|x64
		{8A77928D-CCF6-4DC5-84A9-92C69A0D81BC}.UAT|Any CPU.ActiveCfg = UAT|Any CPU
		{8A77928D-CCF6-4DC5-84A9-92C69A0D81BC}.UAT|Any CPU.Build.0 = UAT|Any CPU
		{8A77928D-CCF6-4DC5-84A9-92C69A0D81BC}.UAT|x64.ActiveCfg = UAT|x64
		{8A77928D-CCF6-4DC5-84A9-92C69A0D81BC}.UAT|x64.Build.0 = UAT|x64
		{24592C8E-EADD-4786-87F3-6B4EF75A1369}.Debug|Any CPU.ActiveCfg = Debug|x64
		{24592C8E-EADD-4786-87F3-6B4EF75A1369}.Debug|Any CPU.Build.0 = Debug|x64
		{24592C8E-EADD-4786-87F3-6B4EF75A1369}.Debug|x64.ActiveCfg = Debug|x64
		{24592C8E-EADD-4786-87F3-6B4EF75A1369}.Debug|x64.Build.0 = Debug|x64
		{24592C8E-EADD-4786-87F3-6B4EF75A1369}.Release|Any CPU.ActiveCfg = Release|Any CPU
		{24592C8E-EADD-4786-87F3-6B4EF75A1369}.Release|Any CPU.Build.0 = Release|Any CPU
		{24592C8E-EADD-4786-87F3-6B4EF75A1369}.Release|x64.ActiveCfg = Release|x64
		{24592C8E-EADD-4786-87F3-6B4EF75A1369}.Release|x64.Build.0 = Release|x64
		{24592C8E-EADD-4786-87F3-6B4EF75A1369}.Staging|Any CPU.ActiveCfg = Staging|Any CPU
		{24592C8E-EADD-4786-87F3-6B4EF75A1369}.Staging|Any CPU.Build.0 = Staging|Any CPU
		{24592C8E-EADD-4786-87F3-6B4EF75A1369}.Staging|x64.ActiveCfg = Staging|x64
		{24592C8E-EADD-4786-87F3-6B4EF75A1369}.Staging|x64.Build.0 = Staging|x64
		{24592C8E-EADD-4786-87F3-6B4EF75A1369}.UAT|Any CPU.ActiveCfg = UAT|Any CPU
		{24592C8E-EADD-4786-87F3-6B4EF75A1369}.UAT|Any CPU.Build.0 = UAT|Any CPU
		{24592C8E-EADD-4786-87F3-6B4EF75A1369}.UAT|x64.ActiveCfg = UAT|x64
		{24592C8E-EADD-4786-87F3-6B4EF75A1369}.UAT|x64.Build.0 = UAT|x64
		{5AB1C496-FF65-491A-A2DA-B8EDFCC421C1}.Debug|Any CPU.ActiveCfg = Debug|x64
		{5AB1C496-FF65-491A-A2DA-B8EDFCC421C1}.Debug|Any CPU.Build.0 = Debug|x64
		{5AB1C496-FF65-491A-A2DA-B8EDFCC421C1}.Debug|x64.ActiveCfg = Debug|x64
		{5AB1C496-FF65-491A-A2DA-B8EDFCC421C1}.Debug|x64.Build.0 = Debug|x64
		{5AB1C496-FF65-491A-A2DA-B8EDFCC421C1}.Release|Any CPU.ActiveCfg = Release|Any CPU
		{5AB1C496-FF65-491A-A2DA-B8EDFCC421C1}.Release|Any CPU.Build.0 = Release|Any CPU
		{5AB1C496-FF65-491A-A2DA-B8EDFCC421C1}.Release|x64.ActiveCfg = Release|x64
		{5AB1C496-FF65-491A-A2DA-B8EDFCC421C1}.Release|x64.Build.0 = Release|x64
		{5AB1C496-FF65-491A-A2DA-B8EDFCC421C1}.Staging|Any CPU.ActiveCfg = Staging|Any CPU
		{5AB1C496-FF65-491A-A2DA-B8EDFCC421C1}.Staging|Any CPU.Build.0 = Staging|Any CPU
		{5AB1C496-FF65-491A-A2DA-B8EDFCC421C1}.Staging|x64.ActiveCfg = Staging|x64
		{5AB1C496-FF65-491A-A2DA-B8EDFCC421C1}.Staging|x64.Build.0 = Staging|x64
		{5AB1C496-FF65-491A-A2DA-B8EDFCC421C1}.UAT|Any CPU.ActiveCfg = Release|Any CPU
		{5AB1C496-FF65-491A-A2DA-B8EDFCC421C1}.UAT|Any CPU.Build.0 = Release|Any CPU
		{5AB1C496-FF65-491A-A2DA-B8EDFCC421C1}.UAT|x64.ActiveCfg = Staging|x64
		{5AB1C496-FF65-491A-A2DA-B8EDFCC421C1}.UAT|x64.Build.0 = Staging|x64
		{0A8BDA24-BF6D-4588-832C-0CFF4D104E63}.Debug|Any CPU.ActiveCfg = Debug|x64
		{0A8BDA24-BF6D-4588-832C-0CFF4D104E63}.Debug|Any CPU.Build.0 = Debug|x64
		{0A8BDA24-BF6D-4588-832C-0CFF4D104E63}.Debug|x64.ActiveCfg = Debug|x64
		{0A8BDA24-BF6D-4588-832C-0CFF4D104E63}.Debug|x64.Build.0 = Debug|x64
		{0A8BDA24-BF6D-4588-832C-0CFF4D104E63}.Release|Any CPU.ActiveCfg = Release|Any CPU
		{0A8BDA24-BF6D-4588-832C-0CFF4D104E63}.Release|Any CPU.Build.0 = Release|Any CPU
		{0A8BDA24-BF6D-4588-832C-0CFF4D104E63}.Release|x64.ActiveCfg = Release|x64
		{0A8BDA24-BF6D-4588-832C-0CFF4D104E63}.Release|x64.Build.0 = Release|x64
		{0A8BDA24-BF6D-4588-832C-0CFF4D104E63}.Staging|Any CPU.ActiveCfg = Staging|Any CPU
		{0A8BDA24-BF6D-4588-832C-0CFF4D104E63}.Staging|Any CPU.Build.0 = Staging|Any CPU
		{0A8BDA24-BF6D-4588-832C-0CFF4D104E63}.Staging|x64.ActiveCfg = Staging|x64
		{0A8BDA24-BF6D-4588-832C-0CFF4D104E63}.Staging|x64.Build.0 = Staging|x64
		{0A8BDA24-BF6D-4588-832C-0CFF4D104E63}.UAT|Any CPU.ActiveCfg = UAT|Any CPU
		{0A8BDA24-BF6D-4588-832C-0CFF4D104E63}.UAT|Any CPU.Build.0 = UAT|Any CPU
		{0A8BDA24-BF6D-4588-832C-0CFF4D104E63}.UAT|x64.ActiveCfg = UAT|x64
		{0A8BDA24-BF6D-4588-832C-0CFF4D104E63}.UAT|x64.Build.0 = UAT|x64
		{E1F033F0-A8DF-481B-96B2-BA78BF246219}.Debug|Any CPU.ActiveCfg = Debug|x64
		{E1F033F0-A8DF-481B-96B2-BA78BF246219}.Debug|Any CPU.Build.0 = Debug|x64
		{E1F033F0-A8DF-481B-96B2-BA78BF246219}.Debug|x64.ActiveCfg = Debug|x64
		{E1F033F0-A8DF-481B-96B2-BA78BF246219}.Debug|x64.Build.0 = Debug|x64
		{E1F033F0-A8DF-481B-96B2-BA78BF246219}.Release|Any CPU.ActiveCfg = Release|Any CPU
		{E1F033F0-A8DF-481B-96B2-BA78BF246219}.Release|Any CPU.Build.0 = Release|Any CPU
		{E1F033F0-A8DF-481B-96B2-BA78BF246219}.Release|x64.ActiveCfg = Release|x64
		{E1F033F0-A8DF-481B-96B2-BA78BF246219}.Release|x64.Build.0 = Release|x64
		{E1F033F0-A8DF-481B-96B2-BA78BF246219}.Staging|Any CPU.ActiveCfg = Staging|Any CPU
		{E1F033F0-A8DF-481B-96B2-BA78BF246219}.Staging|Any CPU.Build.0 = Staging|Any CPU
		{E1F033F0-A8DF-481B-96B2-BA78BF246219}.Staging|x64.ActiveCfg = Staging|x64
		{E1F033F0-A8DF-481B-96B2-BA78BF246219}.Staging|x64.Build.0 = Staging|x64
		{E1F033F0-A8DF-481B-96B2-BA78BF246219}.UAT|Any CPU.ActiveCfg = UAT|Any CPU
		{E1F033F0-A8DF-481B-96B2-BA78BF246219}.UAT|Any CPU.Build.0 = UAT|Any CPU
		{E1F033F0-A8DF-481B-96B2-BA78BF246219}.UAT|x64.ActiveCfg = UAT|x64
		{E1F033F0-A8DF-481B-96B2-BA78BF246219}.UAT|x64.Build.0 = UAT|x64
		{530D4A7C-F81D-4080-9C47-814931CB1375}.Debug|Any CPU.ActiveCfg = Debug|x64
		{530D4A7C-F81D-4080-9C47-814931CB1375}.Debug|Any CPU.Build.0 = Debug|x64
		{530D4A7C-F81D-4080-9C47-814931CB1375}.Debug|x64.ActiveCfg = Debug|x64
		{530D4A7C-F81D-4080-9C47-814931CB1375}.Debug|x64.Build.0 = Debug|x64
		{530D4A7C-F81D-4080-9C47-814931CB1375}.Release|Any CPU.ActiveCfg = Release|Any CPU
		{530D4A7C-F81D-4080-9C47-814931CB1375}.Release|Any CPU.Build.0 = Release|Any CPU
		{530D4A7C-F81D-4080-9C47-814931CB1375}.Release|x64.ActiveCfg = Release|x64
		{530D4A7C-F81D-4080-9C47-814931CB1375}.Release|x64.Build.0 = Release|x64
		{530D4A7C-F81D-4080-9C47-814931CB1375}.Staging|Any CPU.ActiveCfg = Staging|Any CPU
		{530D4A7C-F81D-4080-9C47-814931CB1375}.Staging|Any CPU.Build.0 = Staging|Any CPU
		{530D4A7C-F81D-4080-9C47-814931CB1375}.Staging|x64.ActiveCfg = Staging|x64
		{530D4A7C-F81D-4080-9C47-814931CB1375}.Staging|x64.Build.0 = Staging|x64
		{530D4A7C-F81D-4080-9C47-814931CB1375}.UAT|Any CPU.ActiveCfg = UAT|Any CPU
		{530D4A7C-F81D-4080-9C47-814931CB1375}.UAT|Any CPU.Build.0 = UAT|Any CPU
		{530D4A7C-F81D-4080-9C47-814931CB1375}.UAT|x64.ActiveCfg = UAT|x64
		{530D4A7C-F81D-4080-9C47-814931CB1375}.UAT|x64.Build.0 = UAT|x64
		{5103714F-D289-4E9A-9C02-35E1AC1D89DF}.Debug|Any CPU.ActiveCfg = Debug|x64
		{5103714F-D289-4E9A-9C02-35E1AC1D89DF}.Debug|x64.ActiveCfg = Debug|x64
		{5103714F-D289-4E9A-9C02-35E1AC1D89DF}.Debug|x64.Build.0 = Debug|x64
		{5103714F-D289-4E9A-9C02-35E1AC1D89DF}.Release|Any CPU.ActiveCfg = Release|Any CPU
		{5103714F-D289-4E9A-9C02-35E1AC1D89DF}.Release|Any CPU.Build.0 = Release|Any CPU
		{5103714F-D289-4E9A-9C02-35E1AC1D89DF}.Release|x64.ActiveCfg = Release|x64
		{5103714F-D289-4E9A-9C02-35E1AC1D89DF}.Release|x64.Build.0 = Release|x64
		{5103714F-D289-4E9A-9C02-35E1AC1D89DF}.Staging|Any CPU.ActiveCfg = Staging|Any CPU
		{5103714F-D289-4E9A-9C02-35E1AC1D89DF}.Staging|Any CPU.Build.0 = Staging|Any CPU
		{5103714F-D289-4E9A-9C02-35E1AC1D89DF}.Staging|x64.ActiveCfg = Staging|x64
		{5103714F-D289-4E9A-9C02-35E1AC1D89DF}.Staging|x64.Build.0 = Staging|x64
		{5103714F-D289-4E9A-9C02-35E1AC1D89DF}.UAT|Any CPU.ActiveCfg = Release|Any CPU
		{5103714F-D289-4E9A-9C02-35E1AC1D89DF}.UAT|Any CPU.Build.0 = Release|Any CPU
		{5103714F-D289-4E9A-9C02-35E1AC1D89DF}.UAT|x64.ActiveCfg = Staging|x64
		{5103714F-D289-4E9A-9C02-35E1AC1D89DF}.UAT|x64.Build.0 = Staging|x64
		{73AF1D0C-18A6-42BA-8F6C-2B85D1C296A8}.Debug|Any CPU.ActiveCfg = Debug|x64
		{73AF1D0C-18A6-42BA-8F6C-2B85D1C296A8}.Debug|Any CPU.Build.0 = Debug|x64
		{73AF1D0C-18A6-42BA-8F6C-2B85D1C296A8}.Debug|x64.ActiveCfg = Debug|x64
		{73AF1D0C-18A6-42BA-8F6C-2B85D1C296A8}.Debug|x64.Build.0 = Debug|x64
		{73AF1D0C-18A6-42BA-8F6C-2B85D1C296A8}.Release|Any CPU.ActiveCfg = Release|Any CPU
		{73AF1D0C-18A6-42BA-8F6C-2B85D1C296A8}.Release|Any CPU.Build.0 = Release|Any CPU
		{73AF1D0C-18A6-42BA-8F6C-2B85D1C296A8}.Release|x64.ActiveCfg = Release|x64
		{73AF1D0C-18A6-42BA-8F6C-2B85D1C296A8}.Release|x64.Build.0 = Release|x64
		{73AF1D0C-18A6-42BA-8F6C-2B85D1C296A8}.Staging|Any CPU.ActiveCfg = Staging|Any CPU
		{73AF1D0C-18A6-42BA-8F6C-2B85D1C296A8}.Staging|Any CPU.Build.0 = Staging|Any CPU
		{73AF1D0C-18A6-42BA-8F6C-2B85D1C296A8}.Staging|x64.ActiveCfg = Staging|x64
		{73AF1D0C-18A6-42BA-8F6C-2B85D1C296A8}.Staging|x64.Build.0 = Staging|x64
		{73AF1D0C-18A6-42BA-8F6C-2B85D1C296A8}.UAT|Any CPU.ActiveCfg = Release|Any CPU
		{73AF1D0C-18A6-42BA-8F6C-2B85D1C296A8}.UAT|Any CPU.Build.0 = Release|Any CPU
		{73AF1D0C-18A6-42BA-8F6C-2B85D1C296A8}.UAT|x64.ActiveCfg = Staging|x64
		{73AF1D0C-18A6-42BA-8F6C-2B85D1C296A8}.UAT|x64.Build.0 = Staging|x64
		{FBDE233E-8DDC-45D8-91EB-5B84B0031127}.Debug|Any CPU.ActiveCfg = Debug|x64
		{FBDE233E-8DDC-45D8-91EB-5B84B0031127}.Debug|Any CPU.Build.0 = Debug|x64
		{FBDE233E-8DDC-45D8-91EB-5B84B0031127}.Debug|x64.ActiveCfg = Debug|x64
		{FBDE233E-8DDC-45D8-91EB-5B84B0031127}.Debug|x64.Build.0 = Debug|x64
		{FBDE233E-8DDC-45D8-91EB-5B84B0031127}.Release|Any CPU.ActiveCfg = Release|Any CPU
		{FBDE233E-8DDC-45D8-91EB-5B84B0031127}.Release|Any CPU.Build.0 = Release|Any CPU
		{FBDE233E-8DDC-45D8-91EB-5B84B0031127}.Release|x64.ActiveCfg = Release|x64
		{FBDE233E-8DDC-45D8-91EB-5B84B0031127}.Release|x64.Build.0 = Release|x64
		{FBDE233E-8DDC-45D8-91EB-5B84B0031127}.Staging|Any CPU.ActiveCfg = Staging|Any CPU
		{FBDE233E-8DDC-45D8-91EB-5B84B0031127}.Staging|Any CPU.Build.0 = Staging|Any CPU
		{FBDE233E-8DDC-45D8-91EB-5B84B0031127}.Staging|x64.ActiveCfg = Staging|x64
		{FBDE233E-8DDC-45D8-91EB-5B84B0031127}.Staging|x64.Build.0 = Staging|x64
		{FBDE233E-8DDC-45D8-91EB-5B84B0031127}.UAT|Any CPU.ActiveCfg = Release|Any CPU
		{FBDE233E-8DDC-45D8-91EB-5B84B0031127}.UAT|Any CPU.Build.0 = Release|Any CPU
		{FBDE233E-8DDC-45D8-91EB-5B84B0031127}.UAT|x64.ActiveCfg = Staging|x64
		{FBDE233E-8DDC-45D8-91EB-5B84B0031127}.UAT|x64.Build.0 = Staging|x64
		{97099A70-87ED-46C0-A630-C9DBDE1D810C}.Debug|Any CPU.ActiveCfg = Debug|x64
		{97099A70-87ED-46C0-A630-C9DBDE1D810C}.Debug|Any CPU.Build.0 = Debug|x64
		{97099A70-87ED-46C0-A630-C9DBDE1D810C}.Debug|x64.ActiveCfg = Debug|x64
		{97099A70-87ED-46C0-A630-C9DBDE1D810C}.Debug|x64.Build.0 = Debug|x64
		{97099A70-87ED-46C0-A630-C9DBDE1D810C}.Release|Any CPU.ActiveCfg = Release|x64
		{97099A70-87ED-46C0-A630-C9DBDE1D810C}.Release|x64.ActiveCfg = Release|x64
		{97099A70-87ED-46C0-A630-C9DBDE1D810C}.Release|x64.Build.0 = Release|x64
		{97099A70-87ED-46C0-A630-C9DBDE1D810C}.Staging|Any CPU.ActiveCfg = Release|x64
		{97099A70-87ED-46C0-A630-C9DBDE1D810C}.Staging|Any CPU.Build.0 = Release|x64
		{97099A70-87ED-46C0-A630-C9DBDE1D810C}.Staging|x64.ActiveCfg = Release|x64
		{97099A70-87ED-46C0-A630-C9DBDE1D810C}.Staging|x64.Build.0 = Release|x64
		{97099A70-87ED-46C0-A630-C9DBDE1D810C}.UAT|Any CPU.ActiveCfg = Release|x64
		{97099A70-87ED-46C0-A630-C9DBDE1D810C}.UAT|Any CPU.Build.0 = Release|x64
		{97099A70-87ED-46C0-A630-C9DBDE1D810C}.UAT|x64.ActiveCfg = Release|x64
		{97099A70-87ED-46C0-A630-C9DBDE1D810C}.UAT|x64.Build.0 = Release|x64
		{96852DFE-26A5-487E-927B-43D327421364}.Debug|Any CPU.ActiveCfg = Debug|x64
		{96852DFE-26A5-487E-927B-43D327421364}.Debug|Any CPU.Build.0 = Debug|x64
		{96852DFE-26A5-487E-927B-43D327421364}.Debug|x64.ActiveCfg = Debug|x64
		{96852DFE-26A5-487E-927B-43D327421364}.Debug|x64.Build.0 = Debug|x64
		{96852DFE-26A5-487E-927B-43D327421364}.Release|Any CPU.ActiveCfg = Release|x64
		{96852DFE-26A5-487E-927B-43D327421364}.Release|x64.ActiveCfg = Release|x64
		{96852DFE-26A5-487E-927B-43D327421364}.Release|x64.Build.0 = Release|x64
		{96852DFE-26A5-487E-927B-43D327421364}.Staging|Any CPU.ActiveCfg = Release|x64
		{96852DFE-26A5-487E-927B-43D327421364}.Staging|Any CPU.Build.0 = Release|x64
		{96852DFE-26A5-487E-927B-43D327421364}.Staging|x64.ActiveCfg = Release|x64
		{96852DFE-26A5-487E-927B-43D327421364}.Staging|x64.Build.0 = Release|x64
		{96852DFE-26A5-487E-927B-43D327421364}.UAT|Any CPU.ActiveCfg = Release|x64
		{96852DFE-26A5-487E-927B-43D327421364}.UAT|Any CPU.Build.0 = Release|x64
		{96852DFE-26A5-487E-927B-43D327421364}.UAT|x64.ActiveCfg = Release|x64
		{96852DFE-26A5-487E-927B-43D327421364}.UAT|x64.Build.0 = Release|x64
		{69B4CFA4-E5AE-4DDC-BFA3-D56B6CA93E49}.Debug|Any CPU.ActiveCfg = Debug|x64
		{69B4CFA4-E5AE-4DDC-BFA3-D56B6CA93E49}.Debug|Any CPU.Build.0 = Debug|x64
		{69B4CFA4-E5AE-4DDC-BFA3-D56B6CA93E49}.Debug|x64.ActiveCfg = Debug|x64
		{69B4CFA4-E5AE-4DDC-BFA3-D56B6CA93E49}.Debug|x64.Build.0 = Debug|x64
		{69B4CFA4-E5AE-4DDC-BFA3-D56B6CA93E49}.Release|Any CPU.ActiveCfg = Release|Any CPU
		{69B4CFA4-E5AE-4DDC-BFA3-D56B6CA93E49}.Release|Any CPU.Build.0 = Release|Any CPU
		{69B4CFA4-E5AE-4DDC-BFA3-D56B6CA93E49}.Release|x64.ActiveCfg = Release|x64
		{69B4CFA4-E5AE-4DDC-BFA3-D56B6CA93E49}.Release|x64.Build.0 = Release|x64
		{69B4CFA4-E5AE-4DDC-BFA3-D56B6CA93E49}.Staging|Any CPU.ActiveCfg = Staging|Any CPU
		{69B4CFA4-E5AE-4DDC-BFA3-D56B6CA93E49}.Staging|Any CPU.Build.0 = Staging|Any CPU
		{69B4CFA4-E5AE-4DDC-BFA3-D56B6CA93E49}.Staging|x64.ActiveCfg = Staging|x64
		{69B4CFA4-E5AE-4DDC-BFA3-D56B6CA93E49}.Staging|x64.Build.0 = Staging|x64
		{69B4CFA4-E5AE-4DDC-BFA3-D56B6CA93E49}.UAT|Any CPU.ActiveCfg = UAT|Any CPU
		{69B4CFA4-E5AE-4DDC-BFA3-D56B6CA93E49}.UAT|Any CPU.Build.0 = UAT|Any CPU
		{69B4CFA4-E5AE-4DDC-BFA3-D56B6CA93E49}.UAT|x64.ActiveCfg = UAT|x64
		{69B4CFA4-E5AE-4DDC-BFA3-D56B6CA93E49}.UAT|x64.Build.0 = UAT|x64
		{F49A0B66-9BD7-4B87-BECE-8B8D1E6E169F}.Debug|Any CPU.ActiveCfg = Debug|x64
		{F49A0B66-9BD7-4B87-BECE-8B8D1E6E169F}.Debug|Any CPU.Build.0 = Debug|x64
		{F49A0B66-9BD7-4B87-BECE-8B8D1E6E169F}.Debug|x64.ActiveCfg = Debug|x64
		{F49A0B66-9BD7-4B87-BECE-8B8D1E6E169F}.Debug|x64.Build.0 = Debug|x64
		{F49A0B66-9BD7-4B87-BECE-8B8D1E6E169F}.Release|Any CPU.ActiveCfg = Release|x64
		{F49A0B66-9BD7-4B87-BECE-8B8D1E6E169F}.Release|x64.ActiveCfg = Release|x64
		{F49A0B66-9BD7-4B87-BECE-8B8D1E6E169F}.Release|x64.Build.0 = Release|x64
		{F49A0B66-9BD7-4B87-BECE-8B8D1E6E169F}.Staging|Any CPU.ActiveCfg = Release|x64
		{F49A0B66-9BD7-4B87-BECE-8B8D1E6E169F}.Staging|Any CPU.Build.0 = Release|x64
		{F49A0B66-9BD7-4B87-BECE-8B8D1E6E169F}.Staging|x64.ActiveCfg = Release|x64
		{F49A0B66-9BD7-4B87-BECE-8B8D1E6E169F}.Staging|x64.Build.0 = Release|x64
		{F49A0B66-9BD7-4B87-BECE-8B8D1E6E169F}.UAT|Any CPU.ActiveCfg = Release|x64
		{F49A0B66-9BD7-4B87-BECE-8B8D1E6E169F}.UAT|Any CPU.Build.0 = Release|x64
		{F49A0B66-9BD7-4B87-BECE-8B8D1E6E169F}.UAT|x64.ActiveCfg = Release|x64
		{F49A0B66-9BD7-4B87-BECE-8B8D1E6E169F}.UAT|x64.Build.0 = Release|x64
		{4862CE09-E1C6-4A14-A177-DFFA89ADF572}.Debug|Any CPU.ActiveCfg = Debug|x64
		{4862CE09-E1C6-4A14-A177-DFFA89ADF572}.Debug|Any CPU.Build.0 = Debug|x64
		{4862CE09-E1C6-4A14-A177-DFFA89ADF572}.Debug|x64.ActiveCfg = Debug|x64
		{4862CE09-E1C6-4A14-A177-DFFA89ADF572}.Debug|x64.Build.0 = Debug|x64
		{4862CE09-E1C6-4A14-A177-DFFA89ADF572}.Release|Any CPU.ActiveCfg = Release|x64
		{4862CE09-E1C6-4A14-A177-DFFA89ADF572}.Release|x64.ActiveCfg = Release|x64
		{4862CE09-E1C6-4A14-A177-DFFA89ADF572}.Release|x64.Build.0 = Release|x64
		{4862CE09-E1C6-4A14-A177-DFFA89ADF572}.Staging|Any CPU.ActiveCfg = Release|x64
		{4862CE09-E1C6-4A14-A177-DFFA89ADF572}.Staging|Any CPU.Build.0 = Release|x64
		{4862CE09-E1C6-4A14-A177-DFFA89ADF572}.Staging|x64.ActiveCfg = Release|x64
		{4862CE09-E1C6-4A14-A177-DFFA89ADF572}.Staging|x64.Build.0 = Release|x64
		{4862CE09-E1C6-4A14-A177-DFFA89ADF572}.UAT|Any CPU.ActiveCfg = Release|x64
		{4862CE09-E1C6-4A14-A177-DFFA89ADF572}.UAT|Any CPU.Build.0 = Release|x64
		{4862CE09-E1C6-4A14-A177-DFFA89ADF572}.UAT|x64.ActiveCfg = Release|x64
		{4862CE09-E1C6-4A14-A177-DFFA89ADF572}.UAT|x64.Build.0 = Release|x64
		{E28C6675-D374-42BE-AB55-3BBEC1DC935C}.Debug|Any CPU.ActiveCfg = Debug|x64
		{E28C6675-D374-42BE-AB55-3BBEC1DC935C}.Debug|Any CPU.Build.0 = Debug|x64
		{E28C6675-D374-42BE-AB55-3BBEC1DC935C}.Debug|x64.ActiveCfg = Debug|x64
		{E28C6675-D374-42BE-AB55-3BBEC1DC935C}.Debug|x64.Build.0 = Debug|x64
		{E28C6675-D374-42BE-AB55-3BBEC1DC935C}.Release|Any CPU.ActiveCfg = Release|x64
		{E28C6675-D374-42BE-AB55-3BBEC1DC935C}.Release|x64.ActiveCfg = Release|x64
		{E28C6675-D374-42BE-AB55-3BBEC1DC935C}.Release|x64.Build.0 = Release|x64
		{E28C6675-D374-42BE-AB55-3BBEC1DC935C}.Staging|Any CPU.ActiveCfg = Release|x64
		{E28C6675-D374-42BE-AB55-3BBEC1DC935C}.Staging|Any CPU.Build.0 = Release|x64
		{E28C6675-D374-42BE-AB55-3BBEC1DC935C}.Staging|x64.ActiveCfg = Release|x64
		{E28C6675-D374-42BE-AB55-3BBEC1DC935C}.Staging|x64.Build.0 = Release|x64
		{E28C6675-D374-42BE-AB55-3BBEC1DC935C}.UAT|Any CPU.ActiveCfg = Release|x64
		{E28C6675-D374-42BE-AB55-3BBEC1DC935C}.UAT|Any CPU.Build.0 = Release|x64
		{E28C6675-D374-42BE-AB55-3BBEC1DC935C}.UAT|x64.ActiveCfg = Release|x64
		{E28C6675-D374-42BE-AB55-3BBEC1DC935C}.UAT|x64.Build.0 = Release|x64
		{3CB0BB4E-B759-4365-AC7E-2BD7F0550CC9}.Debug|Any CPU.ActiveCfg = Debug|x64
		{3CB0BB4E-B759-4365-AC7E-2BD7F0550CC9}.Debug|Any CPU.Build.0 = Debug|x64
		{3CB0BB4E-B759-4365-AC7E-2BD7F0550CC9}.Debug|x64.ActiveCfg = Debug|x64
		{3CB0BB4E-B759-4365-AC7E-2BD7F0550CC9}.Debug|x64.Build.0 = Debug|x64
		{3CB0BB4E-B759-4365-AC7E-2BD7F0550CC9}.Release|Any CPU.ActiveCfg = Release|x64
		{3CB0BB4E-B759-4365-AC7E-2BD7F0550CC9}.Release|x64.ActiveCfg = Release|x64
		{3CB0BB4E-B759-4365-AC7E-2BD7F0550CC9}.Release|x64.Build.0 = Release|x64
		{3CB0BB4E-B759-4365-AC7E-2BD7F0550CC9}.Staging|Any CPU.ActiveCfg = Release|x64
		{3CB0BB4E-B759-4365-AC7E-2BD7F0550CC9}.Staging|Any CPU.Build.0 = Release|x64
		{3CB0BB4E-B759-4365-AC7E-2BD7F0550CC9}.Staging|x64.ActiveCfg = Release|x64
		{3CB0BB4E-B759-4365-AC7E-2BD7F0550CC9}.Staging|x64.Build.0 = Release|x64
		{3CB0BB4E-B759-4365-AC7E-2BD7F0550CC9}.UAT|Any CPU.ActiveCfg = Release|x64
		{3CB0BB4E-B759-4365-AC7E-2BD7F0550CC9}.UAT|Any CPU.Build.0 = Release|x64
		{3CB0BB4E-B759-4365-AC7E-2BD7F0550CC9}.UAT|x64.ActiveCfg = Release|x64
		{3CB0BB4E-B759-4365-AC7E-2BD7F0550CC9}.UAT|x64.Build.0 = Release|x64
		{931F00AD-FE9F-4B81-8B76-7BEF8A31D378}.Debug|Any CPU.ActiveCfg = Debug|Any CPU
		{931F00AD-FE9F-4B81-8B76-7BEF8A31D378}.Debug|Any CPU.Build.0 = Debug|Any CPU
		{931F00AD-FE9F-4B81-8B76-7BEF8A31D378}.Debug|x64.ActiveCfg = Debug|Any CPU
		{931F00AD-FE9F-4B81-8B76-7BEF8A31D378}.Debug|x64.Build.0 = Debug|Any CPU
		{931F00AD-FE9F-4B81-8B76-7BEF8A31D378}.Release|Any CPU.ActiveCfg = Release|Any CPU
		{931F00AD-FE9F-4B81-8B76-7BEF8A31D378}.Release|Any CPU.Build.0 = Release|Any CPU
		{931F00AD-FE9F-4B81-8B76-7BEF8A31D378}.Release|x64.ActiveCfg = Release|x64
		{931F00AD-FE9F-4B81-8B76-7BEF8A31D378}.Release|x64.Build.0 = Release|x64
		{931F00AD-FE9F-4B81-8B76-7BEF8A31D378}.Staging|Any CPU.ActiveCfg = Debug|Any CPU
		{931F00AD-FE9F-4B81-8B76-7BEF8A31D378}.Staging|Any CPU.Build.0 = Debug|Any CPU
		{931F00AD-FE9F-4B81-8B76-7BEF8A31D378}.Staging|x64.ActiveCfg = Debug|Any CPU
		{931F00AD-FE9F-4B81-8B76-7BEF8A31D378}.Staging|x64.Build.0 = Debug|Any CPU
		{931F00AD-FE9F-4B81-8B76-7BEF8A31D378}.UAT|Any CPU.ActiveCfg = Debug|Any CPU
		{931F00AD-FE9F-4B81-8B76-7BEF8A31D378}.UAT|Any CPU.Build.0 = Debug|Any CPU
		{931F00AD-FE9F-4B81-8B76-7BEF8A31D378}.UAT|x64.ActiveCfg = Debug|Any CPU
		{931F00AD-FE9F-4B81-8B76-7BEF8A31D378}.UAT|x64.Build.0 = Debug|Any CPU
		{0CF24E0F-ACE9-4ED2-A19F-6F7B7D1CE755}.Debug|Any CPU.ActiveCfg = Debug|Any CPU
		{0CF24E0F-ACE9-4ED2-A19F-6F7B7D1CE755}.Debug|Any CPU.Build.0 = Debug|Any CPU
		{0CF24E0F-ACE9-4ED2-A19F-6F7B7D1CE755}.Debug|x64.ActiveCfg = Debug|Any CPU
		{0CF24E0F-ACE9-4ED2-A19F-6F7B7D1CE755}.Debug|x64.Build.0 = Debug|Any CPU
		{0CF24E0F-ACE9-4ED2-A19F-6F7B7D1CE755}.Release|Any CPU.ActiveCfg = Release|Any CPU
		{0CF24E0F-ACE9-4ED2-A19F-6F7B7D1CE755}.Release|Any CPU.Build.0 = Release|Any CPU
		{0CF24E0F-ACE9-4ED2-A19F-6F7B7D1CE755}.Release|x64.ActiveCfg = Release|x64
		{0CF24E0F-ACE9-4ED2-A19F-6F7B7D1CE755}.Release|x64.Build.0 = Release|x64
		{0CF24E0F-ACE9-4ED2-A19F-6F7B7D1CE755}.Staging|Any CPU.ActiveCfg = Debug|Any CPU
		{0CF24E0F-ACE9-4ED2-A19F-6F7B7D1CE755}.Staging|Any CPU.Build.0 = Debug|Any CPU
		{0CF24E0F-ACE9-4ED2-A19F-6F7B7D1CE755}.Staging|x64.ActiveCfg = Debug|Any CPU
		{0CF24E0F-ACE9-4ED2-A19F-6F7B7D1CE755}.Staging|x64.Build.0 = Debug|Any CPU
		{0CF24E0F-ACE9-4ED2-A19F-6F7B7D1CE755}.UAT|Any CPU.ActiveCfg = Debug|Any CPU
		{0CF24E0F-ACE9-4ED2-A19F-6F7B7D1CE755}.UAT|Any CPU.Build.0 = Debug|Any CPU
		{0CF24E0F-ACE9-4ED2-A19F-6F7B7D1CE755}.UAT|x64.ActiveCfg = Debug|Any CPU
		{0CF24E0F-ACE9-4ED2-A19F-6F7B7D1CE755}.UAT|x64.Build.0 = Debug|Any CPU
		{634F9115-E462-48A4-9CDD-51B0C41C474E}.Debug|Any CPU.ActiveCfg = Debug|Any CPU
		{634F9115-E462-48A4-9CDD-51B0C41C474E}.Debug|Any CPU.Build.0 = Debug|Any CPU
		{634F9115-E462-48A4-9CDD-51B0C41C474E}.Debug|x64.ActiveCfg = Debug|Any CPU
		{634F9115-E462-48A4-9CDD-51B0C41C474E}.Debug|x64.Build.0 = Debug|Any CPU
		{634F9115-E462-48A4-9CDD-51B0C41C474E}.Release|Any CPU.ActiveCfg = Release|Any CPU
		{634F9115-E462-48A4-9CDD-51B0C41C474E}.Release|Any CPU.Build.0 = Release|Any CPU
		{634F9115-E462-48A4-9CDD-51B0C41C474E}.Release|x64.ActiveCfg = Release|x64
		{634F9115-E462-48A4-9CDD-51B0C41C474E}.Release|x64.Build.0 = Release|x64
		{634F9115-E462-48A4-9CDD-51B0C41C474E}.Staging|Any CPU.ActiveCfg = Debug|Any CPU
		{634F9115-E462-48A4-9CDD-51B0C41C474E}.Staging|Any CPU.Build.0 = Debug|Any CPU
		{634F9115-E462-48A4-9CDD-51B0C41C474E}.Staging|x64.ActiveCfg = Debug|Any CPU
		{634F9115-E462-48A4-9CDD-51B0C41C474E}.Staging|x64.Build.0 = Debug|Any CPU
		{634F9115-E462-48A4-9CDD-51B0C41C474E}.UAT|Any CPU.ActiveCfg = Debug|Any CPU
		{634F9115-E462-48A4-9CDD-51B0C41C474E}.UAT|Any CPU.Build.0 = Debug|Any CPU
		{634F9115-E462-48A4-9CDD-51B0C41C474E}.UAT|x64.ActiveCfg = Debug|Any CPU
		{634F9115-E462-48A4-9CDD-51B0C41C474E}.UAT|x64.Build.0 = Debug|Any CPU
	EndGlobalSection
	GlobalSection(SolutionProperties) = preSolution
		HideSolutionNode = FALSE
	EndGlobalSection
	GlobalSection(NestedProjects) = preSolution
		{5103714F-D289-4E9A-9C02-35E1AC1D89DF} = {67FC7C83-C352-4D8C-9DBA-1C11A0B98914}
	EndGlobalSection
	GlobalSection(ExtensibilityGlobals) = postSolution
		SolutionGuid = {E416C4D2-E242-4ACF-ADC2-F49E09061B40}
	EndGlobalSection
EndGlobal
