
Microsoft Visual Studio Solution File, Format Version 12.00
# Visual Studio Version 16
VisualStudioVersion = 16.0.29306.81
MinimumVisualStudioVersion = 10.0.40219.1
Project("{FAE04EC0-301F-11D3-BF4B-00C04F79EFBC}") = "ETG.Web", "ETG.Web\ETG.Web.csproj", "{02D94BAC-2CC8-46BF-AE66-E868A855375C}"
EndProject
Project("{FAE04EC0-301F-11D3-BF4B-00C04F79EFBC}") = "ETG.Data", "ETG.Data\ETG.Data.csproj", "{0A8BDA24-BF6D-4588-832C-0CFF4D104E63}"
EndProject
Project("{FAE04EC0-301F-11D3-BF4B-00C04F79EFBC}") = "ETG.Core", "ETG.Core\ETG.Core.csproj", "{24592C8E-EADD-4786-87F3-6B4EF75A1369}"
EndProject
Project("{2150E333-8FDC-42A3-9474-1A3956D46DE8}") = "Tests", "Tests", "{8348CC18-C19D-4ED9-80CF-AE11C641C4D2}"
EndProject
Project("{FAE04EC0-301F-11D3-BF4B-00C04F79EFBC}") = "ETG.Core.Tests", "ETG.Core.Tests\ETG.Core.Tests.csproj", "{1926BCF4-6E4A-4660-8A68-988C2CBAEA1A}"
EndProject
Project("{FAE04EC0-301F-11D3-BF4B-00C04F79EFBC}") = "ETG.Data.Tests", "ETG.Data.Tests\ETG.Data.Tests.csproj", "{569280E0-0906-45A4-83E5-AC54B0797014}"
EndProject
Project("{FAE04EC0-301F-11D3-BF4B-00C04F79EFBC}") = "Devotion.Automapper.Common", "Devotion.Automapper.Common\Devotion.Automapper.Common.csproj", "{E28C6675-D374-42BE-AB55-3BBEC1DC935C}"
EndProject
Project("{FAE04EC0-301F-11D3-BF4B-00C04F79EFBC}") = "Devotion.DI.Common", "Devotion.DI.Common\Devotion.DI.Common.csproj", "{97099A70-87ED-46C0-A630-C9DBDE1D810C}"
EndProject
Project("{FAE04EC0-301F-11D3-BF4B-00C04F79EFBC}") = "Devotion.Cache", "Devotion.Cache\Devotion.Cache.csproj", "{E1F033F0-A8DF-481B-96B2-BA78BF246219}"
EndProject
Project("{FAE04EC0-301F-11D3-BF4B-00C04F79EFBC}") = "Devotion.Cache.MVC", "Devotion.Cache.MVC\Devotion.Cache.MVC.csproj", "{69B4CFA4-E5AE-4DDC-BFA3-D56B6CA93E49}"
EndProject
Project("{FAE04EC0-301F-11D3-BF4B-00C04F79EFBC}") = "Devotion.Cache.MVC.Common", "Devotion.Cache.MVC.Common\Devotion.Cache.MVC.Common.csproj", "{F49A0B66-9BD7-4B87-BECE-8B8D1E6E169F}"
EndProject
Project("{FAE04EC0-301F-11D3-BF4B-00C04F79EFBC}") = "Devotion.Kentico.Base", "Devotion.Kentico.Base\Devotion.Kentico.Base.csproj", "{7B08726C-88AF-4CE6-A6F3-7AEC07100A32}"
EndProject
Project("{FAE04EC0-301F-11D3-BF4B-00C04F79EFBC}") = "Devotion.Web.Base", "Devotion.Web.Base\Devotion.Web.Base.csproj", "{530D4A7C-F81D-4080-9C47-814931CB1375}"
EndProject
Project("{FAE04EC0-301F-11D3-BF4B-00C04F79EFBC}") = "Devotion.Data", "Devotion.Data\Devotion.Data.csproj", "{4862CE09-E1C6-4A14-A177-DFFA89ADF572}"
EndProject
Project("{FAE04EC0-301F-11D3-BF4B-00C04F79EFBC}") = "ETG.WebAPI", "ETG.WebAPI\ETG.WebAPI.csproj", "{96852DFE-26A5-487E-927B-43D327421364}"
EndProject
Project("{FAE04EC0-301F-11D3-BF4B-00C04F79EFBC}") = "ETG.Web.Common", "ETG.Web.Common\ETG.Web.Common.csproj", "{096DD242-472A-4968-9067-1433D1078D40}"
EndProject
Project("{FAE04EC0-301F-11D3-BF4B-00C04F79EFBC}") = "ETG.Module", "ETG.Module\ETG.Module.csproj", "{8A77928D-CCF6-4DC5-84A9-92C69A0D81BC}"
EndProject
Project("{FAE04EC0-301F-11D3-BF4B-00C04F79EFBC}") = "ETG.Web.Test", "ETG.Web.Test\ETG.Web.Test.csproj", "{001E4E7B-FE35-46A7-8C2E-14D5B929C5FF}"
EndProject
Project("{FAE04EC0-301F-11D3-BF4B-00C04F79EFBC}") = "ETG.PDF", "ETG.PDF\ETG.PDF.csproj", "{3CB0BB4E-B759-4365-AC7E-2BD7F0550CC9}"
EndProject
Project("{2150E333-8FDC-42A3-9474-1A3956D46DE8}") = "Solution Items", "Solution Items", "{A470DC0B-9E8C-4AFB-8A48-63941468AE62}"
EndProject
Project("{FAE04EC0-301F-11D3-BF4B-00C04F79EFBC}") = "ETG.Module.Booking", "..\Kentico\ETG.Module.Booking\ETG.Module.Booking.csproj", "{931F00AD-FE9F-4B81-8B76-7BEF8A31D378}"
EndProject
Project("{FAE04EC0-301F-11D3-BF4B-00C04F79EFBC}") = "ETG.Booking.Pricing", "ETG.Booking.Pricing\ETG.Booking.Pricing.csproj", "{0CF24E0F-ACE9-4ED2-A19F-6F7B7D1CE755}"
EndProject
Project("{FAE04EC0-301F-11D3-BF4B-00C04F79EFBC}") = "ETG.Booking.Test", "ETG.Booking.Test\ETG.Booking.Test.csproj", "{8DCFEA04-56CF-4043-AD28-8579AD7B2F47}"
EndProject
Project("{FAE04EC0-301F-11D3-BF4B-00C04F79EFBC}") = "ETG.ABCPdf", "ETG.ABCPdf\ETG.ABCPdf.csproj", "{634F9115-E462-48A4-9CDD-51B0C41C474E}"
EndProject
Global
	GlobalSection(SolutionConfigurationPlatforms) = preSolution
		Debug|Any CPU = Debug|Any CPU
		Debug|x64 = Debug|x64
		Release|Any CPU = Release|Any CPU
		Release|x64 = Release|x64
		Staging|Any CPU = Staging|Any CPU
		Staging|x64 = Staging|x64
		UAT|Any CPU = UAT|Any CPU
		UAT|x64 = UAT|x64
	EndGlobalSection
	GlobalSection(ProjectConfigurationPlatforms) = postSolution
		{02D94BAC-2CC8-46BF-AE66-E868A855375C}.Debug|Any CPU.ActiveCfg = Debug|Any CPU
		{02D94BAC-2CC8-46BF-AE66-E868A855375C}.Debug|Any CPU.Build.0 = Debug|Any CPU
		{02D94BAC-2CC8-46BF-AE66-E868A855375C}.Debug|x64.ActiveCfg = Debug|x64
		{02D94BAC-2CC8-46BF-AE66-E868A855375C}.Debug|x64.Build.0 = Debug|x64
		{02D94BAC-2CC8-46BF-AE66-E868A855375C}.Release|Any CPU.ActiveCfg = Release|Any CPU
		{02D94BAC-2CC8-46BF-AE66-E868A855375C}.Release|Any CPU.Build.0 = Release|Any CPU
		{02D94BAC-2CC8-46BF-AE66-E868A855375C}.Release|x64.ActiveCfg = Release|x64
		{02D94BAC-2CC8-46BF-AE66-E868A855375C}.Release|x64.Build.0 = Release|x64
		{02D94BAC-2CC8-46BF-AE66-E868A855375C}.Staging|Any CPU.ActiveCfg = Staging|Any CPU
		{02D94BAC-2CC8-46BF-AE66-E868A855375C}.Staging|Any CPU.Build.0 = Staging|Any CPU
		{02D94BAC-2CC8-46BF-AE66-E868A855375C}.Staging|x64.ActiveCfg = Staging|x64
		{02D94BAC-2CC8-46BF-AE66-E868A855375C}.Staging|x64.Build.0 = Staging|x64
		{02D94BAC-2CC8-46BF-AE66-E868A855375C}.UAT|Any CPU.ActiveCfg = UAT|Any CPU
		{02D94BAC-2CC8-46BF-AE66-E868A855375C}.UAT|Any CPU.Build.0 = UAT|Any CPU
		{02D94BAC-2CC8-46BF-AE66-E868A855375C}.UAT|x64.ActiveCfg = UAT|x64
		{02D94BAC-2CC8-46BF-AE66-E868A855375C}.UAT|x64.Build.0 = UAT|x64
		{0A8BDA24-BF6D-4588-832C-0CFF4D104E63}.Debug|x64.ActiveCfg = Debug|x64
		{0A8BDA24-BF6D-4588-832C-0CFF4D104E63}.Debug|x64.Build.0 = Debug|x64
		{0A8BDA24-BF6D-4588-832C-0CFF4D104E63}.Release|Any CPU.ActiveCfg = Release|Any CPU
		{0A8BDA24-BF6D-4588-832C-0CFF4D104E63}.Release|Any CPU.Build.0 = Release|Any CPU
		{0A8BDA24-BF6D-4588-832C-0CFF4D104E63}.Release|x64.ActiveCfg = Release|x64
		{0A8BDA24-BF6D-4588-832C-0CFF4D104E63}.Release|x64.Build.0 = Release|x64
		{0A8BDA24-BF6D-4588-832C-0CFF4D104E63}.Staging|Any CPU.ActiveCfg = Staging|Any CPU
		{0A8BDA24-BF6D-4588-832C-0CFF4D104E63}.Staging|Any CPU.Build.0 = Staging|Any CPU
		{0A8BDA24-BF6D-4588-832C-0CFF4D104E63}.Staging|x64.ActiveCfg = Staging|x64
		{0A8BDA24-BF6D-4588-832C-0CFF4D104E63}.Staging|x64.Build.0 = Staging|x64
		{0A8BDA24-BF6D-4588-832C-0CFF4D104E63}.UAT|Any CPU.ActiveCfg = UAT|Any CPU
		{0A8BDA24-BF6D-4588-832C-0CFF4D104E63}.UAT|Any CPU.Build.0 = UAT|Any CPU
		{0A8BDA24-BF6D-4588-832C-0CFF4D104E63}.UAT|x64.ActiveCfg = UAT|x64
		{0A8BDA24-BF6D-4588-832C-0CFF4D104E63}.UAT|x64.Build.0 = UAT|x64
		{0A8BDA24-BF6D-4588-832C-0CFF4D104E63}.Debug|Any CPU.ActiveCfg = Debug|x64
		{0A8BDA24-BF6D-4588-832C-0CFF4D104E63}.Debug|Any CPU.Build.0 = Debug|x64
		{24592C8E-EADD-4786-87F3-6B4EF75A1369}.Debug|x64.ActiveCfg = Debug|x64
		{24592C8E-EADD-4786-87F3-6B4EF75A1369}.Debug|x64.Build.0 = Debug|x64
		{24592C8E-EADD-4786-87F3-6B4EF75A1369}.Release|Any CPU.ActiveCfg = Release|Any CPU
		{24592C8E-EADD-4786-87F3-6B4EF75A1369}.Release|Any CPU.Build.0 = Release|Any CPU
		{24592C8E-EADD-4786-87F3-6B4EF75A1369}.Release|x64.ActiveCfg = Release|x64
		{24592C8E-EADD-4786-87F3-6B4EF75A1369}.Staging|Any CPU.ActiveCfg = Staging|Any CPU
		{24592C8E-EADD-4786-87F3-6B4EF75A1369}.Staging|Any CPU.Build.0 = Staging|Any CPU
		{24592C8E-EADD-4786-87F3-6B4EF75A1369}.Staging|x64.ActiveCfg = Staging|x64
		{24592C8E-EADD-4786-87F3-6B4EF75A1369}.Staging|x64.Build.0 = Staging|x64
		{24592C8E-EADD-4786-87F3-6B4EF75A1369}.UAT|Any CPU.ActiveCfg = UAT|Any CPU
		{24592C8E-EADD-4786-87F3-6B4EF75A1369}.UAT|Any CPU.Build.0 = UAT|Any CPU
		{24592C8E-EADD-4786-87F3-6B4EF75A1369}.UAT|x64.ActiveCfg = UAT|x64
		{24592C8E-EADD-4786-87F3-6B4EF75A1369}.UAT|x64.Build.0 = UAT|x64
		{24592C8E-EADD-4786-87F3-6B4EF75A1369}.Debug|Any CPU.ActiveCfg = Debug|x64
		{24592C8E-EADD-4786-87F3-6B4EF75A1369}.Debug|Any CPU.Build.0 = Debug|x64
		{24592C8E-EADD-4786-87F3-6B4EF75A1369}.Release|x64.Build.0 = Release|x64
		{1926BCF4-6E4A-4660-8A68-988C2CBAEA1A}.Debug|Any CPU.ActiveCfg = Debug|Any CPU
		{1926BCF4-6E4A-4660-8A68-988C2CBAEA1A}.Debug|x64.ActiveCfg = Debug|x64
		{1926BCF4-6E4A-4660-8A68-988C2CBAEA1A}.Debug|x64.Build.0 = Debug|x64
		{1926BCF4-6E4A-4660-8A68-988C2CBAEA1A}.Release|Any CPU.ActiveCfg = Release|Any CPU
		{1926BCF4-6E4A-4660-8A68-988C2CBAEA1A}.Release|Any CPU.Build.0 = Release|Any CPU
		{1926BCF4-6E4A-4660-8A68-988C2CBAEA1A}.Release|x64.ActiveCfg = Release|x64
		{1926BCF4-6E4A-4660-8A68-988C2CBAEA1A}.Release|x64.Build.0 = Release|x64
		{1926BCF4-6E4A-4660-8A68-988C2CBAEA1A}.Staging|Any CPU.ActiveCfg = Staging|Any CPU
		{1926BCF4-6E4A-4660-8A68-988C2CBAEA1A}.Staging|Any CPU.Build.0 = Staging|Any CPU
		{1926BCF4-6E4A-4660-8A68-988C2CBAEA1A}.Staging|x64.ActiveCfg = Staging|x64
		{1926BCF4-6E4A-4660-8A68-988C2CBAEA1A}.Staging|x64.Build.0 = Staging|x64
		{1926BCF4-6E4A-4660-8A68-988C2CBAEA1A}.UAT|Any CPU.ActiveCfg = UAT|Any CPU
		{1926BCF4-6E4A-4660-8A68-988C2CBAEA1A}.UAT|Any CPU.Build.0 = UAT|Any CPU
		{1926BCF4-6E4A-4660-8A68-988C2CBAEA1A}.UAT|x64.ActiveCfg = UAT|x64
		{1926BCF4-6E4A-4660-8A68-988C2CBAEA1A}.UAT|x64.Build.0 = UAT|x64
		{569280E0-0906-45A4-83E5-AC54B0797014}.Debug|Any CPU.ActiveCfg = Debug|Any CPU
		{569280E0-0906-45A4-83E5-AC54B0797014}.Debug|x64.ActiveCfg = Debug|x64
		{569280E0-0906-45A4-83E5-AC54B0797014}.Debug|x64.Build.0 = Debug|x64
		{569280E0-0906-45A4-83E5-AC54B0797014}.Release|Any CPU.ActiveCfg = Release|Any CPU
		{569280E0-0906-45A4-83E5-AC54B0797014}.Release|Any CPU.Build.0 = Release|Any CPU
		{569280E0-0906-45A4-83E5-AC54B0797014}.Release|x64.ActiveCfg = Release|x64
		{569280E0-0906-45A4-83E5-AC54B0797014}.Release|x64.Build.0 = Release|x64
		{569280E0-0906-45A4-83E5-AC54B0797014}.Staging|Any CPU.ActiveCfg = Staging|Any CPU
		{569280E0-0906-45A4-83E5-AC54B0797014}.Staging|Any CPU.Build.0 = Staging|Any CPU
		{569280E0-0906-45A4-83E5-AC54B0797014}.Staging|x64.ActiveCfg = Staging|x64
		{569280E0-0906-45A4-83E5-AC54B0797014}.Staging|x64.Build.0 = Staging|x64
		{569280E0-0906-45A4-83E5-AC54B0797014}.UAT|Any CPU.ActiveCfg = UAT|Any CPU
		{569280E0-0906-45A4-83E5-AC54B0797014}.UAT|Any CPU.Build.0 = UAT|Any CPU
		{569280E0-0906-45A4-83E5-AC54B0797014}.UAT|x64.ActiveCfg = UAT|x64
		{569280E0-0906-45A4-83E5-AC54B0797014}.UAT|x64.Build.0 = UAT|x64
		{E28C6675-D374-42BE-AB55-3BBEC1DC935C}.Debug|Any CPU.ActiveCfg = Debug|x64
		{E28C6675-D374-42BE-AB55-3BBEC1DC935C}.Debug|x64.ActiveCfg = Debug|x64
		{E28C6675-D374-42BE-AB55-3BBEC1DC935C}.Debug|x64.Build.0 = Debug|x64
		{E28C6675-D374-42BE-AB55-3BBEC1DC935C}.Release|Any CPU.ActiveCfg = Release|x64
		{E28C6675-D374-42BE-AB55-3BBEC1DC935C}.Release|x64.ActiveCfg = Release|x64
		{E28C6675-D374-42BE-AB55-3BBEC1DC935C}.Release|x64.Build.0 = Release|x64
		{E28C6675-D374-42BE-AB55-3BBEC1DC935C}.Staging|Any CPU.ActiveCfg = Release|x64
		{E28C6675-D374-42BE-AB55-3BBEC1DC935C}.Staging|Any CPU.Build.0 = Release|x64
		{E28C6675-D374-42BE-AB55-3BBEC1DC935C}.Staging|x64.ActiveCfg = Release|x64
		{E28C6675-D374-42BE-AB55-3BBEC1DC935C}.Staging|x64.Build.0 = Release|x64
		{E28C6675-D374-42BE-AB55-3BBEC1DC935C}.UAT|Any CPU.ActiveCfg = Release|x64
		{E28C6675-D374-42BE-AB55-3BBEC1DC935C}.UAT|Any CPU.Build.0 = Release|x64
		{E28C6675-D374-42BE-AB55-3BBEC1DC935C}.UAT|x64.ActiveCfg = Release|x64
		{E28C6675-D374-42BE-AB55-3BBEC1DC935C}.UAT|x64.Build.0 = Release|x64
		{E28C6675-D374-42BE-AB55-3BBEC1DC935C}.Debug|Any CPU.Build.0 = Debug|x64
		{97099A70-87ED-46C0-A630-C9DBDE1D810C}.Debug|Any CPU.ActiveCfg = Debug|x64
		{97099A70-87ED-46C0-A630-C9DBDE1D810C}.Debug|x64.ActiveCfg = Debug|x64
		{97099A70-87ED-46C0-A630-C9DBDE1D810C}.Debug|x64.Build.0 = Debug|x64
		{97099A70-87ED-46C0-A630-C9DBDE1D810C}.Release|Any CPU.ActiveCfg = Release|x64
		{97099A70-87ED-46C0-A630-C9DBDE1D810C}.Release|x64.ActiveCfg = Release|x64
		{97099A70-87ED-46C0-A630-C9DBDE1D810C}.Release|x64.Build.0 = Release|x64
		{97099A70-87ED-46C0-A630-C9DBDE1D810C}.Staging|Any CPU.ActiveCfg = Release|x64
		{97099A70-87ED-46C0-A630-C9DBDE1D810C}.Staging|Any CPU.Build.0 = Release|x64
		{97099A70-87ED-46C0-A630-C9DBDE1D810C}.Staging|x64.ActiveCfg = Release|x64
		{97099A70-87ED-46C0-A630-C9DBDE1D810C}.Staging|x64.Build.0 = Release|x64
		{97099A70-87ED-46C0-A630-C9DBDE1D810C}.UAT|Any CPU.ActiveCfg = Release|x64
		{97099A70-87ED-46C0-A630-C9DBDE1D810C}.UAT|Any CPU.Build.0 = Release|x64
		{97099A70-87ED-46C0-A630-C9DBDE1D810C}.UAT|x64.ActiveCfg = Release|x64
		{97099A70-87ED-46C0-A630-C9DBDE1D810C}.UAT|x64.Build.0 = Release|x64
		{97099A70-87ED-46C0-A630-C9DBDE1D810C}.Debug|Any CPU.Build.0 = Debug|x64
		{E1F033F0-A8DF-481B-96B2-BA78BF246219}.Debug|x64.ActiveCfg = Debug|x64
		{E1F033F0-A8DF-481B-96B2-BA78BF246219}.Debug|x64.Build.0 = Debug|x64
		{E1F033F0-A8DF-481B-96B2-BA78BF246219}.Release|Any CPU.ActiveCfg = Release|Any CPU
		{E1F033F0-A8DF-481B-96B2-BA78BF246219}.Release|Any CPU.Build.0 = Release|Any CPU
		{E1F033F0-A8DF-481B-96B2-BA78BF246219}.Release|x64.ActiveCfg = Release|x64
		{E1F033F0-A8DF-481B-96B2-BA78BF246219}.Release|x64.Build.0 = Release|x64
		{E1F033F0-A8DF-481B-96B2-BA78BF246219}.Staging|Any CPU.ActiveCfg = Staging|Any CPU
		{E1F033F0-A8DF-481B-96B2-BA78BF246219}.Staging|Any CPU.Build.0 = Staging|Any CPU
		{E1F033F0-A8DF-481B-96B2-BA78BF246219}.Staging|x64.ActiveCfg = Staging|x64
		{E1F033F0-A8DF-481B-96B2-BA78BF246219}.Staging|x64.Build.0 = Staging|x64
		{E1F033F0-A8DF-481B-96B2-BA78BF246219}.UAT|Any CPU.ActiveCfg = UAT|Any CPU
		{E1F033F0-A8DF-481B-96B2-BA78BF246219}.UAT|Any CPU.Build.0 = UAT|Any CPU
		{E1F033F0-A8DF-481B-96B2-BA78BF246219}.UAT|x64.ActiveCfg = UAT|x64
		{E1F033F0-A8DF-481B-96B2-BA78BF246219}.UAT|x64.Build.0 = UAT|x64
		{E1F033F0-A8DF-481B-96B2-BA78BF246219}.Debug|Any CPU.ActiveCfg = Debug|x64
		{E1F033F0-A8DF-481B-96B2-BA78BF246219}.Debug|Any CPU.Build.0 = Debug|x64
		{69B4CFA4-E5AE-4DDC-BFA3-D56B6CA93E49}.Debug|x64.ActiveCfg = Debug|x64
		{69B4CFA4-E5AE-4DDC-BFA3-D56B6CA93E49}.Debug|x64.Build.0 = Debug|x64
		{69B4CFA4-E5AE-4DDC-BFA3-D56B6CA93E49}.Release|Any CPU.ActiveCfg = Release|Any CPU
		{69B4CFA4-E5AE-4DDC-BFA3-D56B6CA93E49}.Release|Any CPU.Build.0 = Release|Any CPU
		{69B4CFA4-E5AE-4DDC-BFA3-D56B6CA93E49}.Release|x64.ActiveCfg = Release|x64
		{69B4CFA4-E5AE-4DDC-BFA3-D56B6CA93E49}.Release|x64.Build.0 = Release|x64
		{69B4CFA4-E5AE-4DDC-BFA3-D56B6CA93E49}.Staging|Any CPU.ActiveCfg = Staging|Any CPU
		{69B4CFA4-E5AE-4DDC-BFA3-D56B6CA93E49}.Staging|Any CPU.Build.0 = Staging|Any CPU
		{69B4CFA4-E5AE-4DDC-BFA3-D56B6CA93E49}.Staging|x64.ActiveCfg = Staging|x64
		{69B4CFA4-E5AE-4DDC-BFA3-D56B6CA93E49}.Staging|x64.Build.0 = Staging|x64
		{69B4CFA4-E5AE-4DDC-BFA3-D56B6CA93E49}.UAT|Any CPU.ActiveCfg = UAT|Any CPU
		{69B4CFA4-E5AE-4DDC-BFA3-D56B6CA93E49}.UAT|Any CPU.Build.0 = UAT|Any CPU
		{69B4CFA4-E5AE-4DDC-BFA3-D56B6CA93E49}.UAT|x64.ActiveCfg = UAT|x64
		{69B4CFA4-E5AE-4DDC-BFA3-D56B6CA93E49}.UAT|x64.Build.0 = UAT|x64
		{69B4CFA4-E5AE-4DDC-BFA3-D56B6CA93E49}.Debug|Any CPU.ActiveCfg = Debug|x64
		{69B4CFA4-E5AE-4DDC-BFA3-D56B6CA93E49}.Debug|Any CPU.Build.0 = Debug|x64
		{F49A0B66-9BD7-4B87-BECE-8B8D1E6E169F}.Debug|Any CPU.ActiveCfg = Debug|x64
		{F49A0B66-9BD7-4B87-BECE-8B8D1E6E169F}.Debug|x64.ActiveCfg = Debug|x64
		{F49A0B66-9BD7-4B87-BECE-8B8D1E6E169F}.Debug|x64.Build.0 = Debug|x64
		{F49A0B66-9BD7-4B87-BECE-8B8D1E6E169F}.Release|Any CPU.ActiveCfg = Release|x64
		{F49A0B66-9BD7-4B87-BECE-8B8D1E6E169F}.Release|x64.ActiveCfg = Release|x64
		{F49A0B66-9BD7-4B87-BECE-8B8D1E6E169F}.Release|x64.Build.0 = Release|x64
		{F49A0B66-9BD7-4B87-BECE-8B8D1E6E169F}.Staging|Any CPU.ActiveCfg = Release|x64
		{F49A0B66-9BD7-4B87-BECE-8B8D1E6E169F}.Staging|Any CPU.Build.0 = Release|x64
		{F49A0B66-9BD7-4B87-BECE-8B8D1E6E169F}.Staging|x64.ActiveCfg = Release|x64
		{F49A0B66-9BD7-4B87-BECE-8B8D1E6E169F}.Staging|x64.Build.0 = Release|x64
		{F49A0B66-9BD7-4B87-BECE-8B8D1E6E169F}.UAT|Any CPU.ActiveCfg = Release|x64
		{F49A0B66-9BD7-4B87-BECE-8B8D1E6E169F}.UAT|Any CPU.Build.0 = Release|x64
		{F49A0B66-9BD7-4B87-BECE-8B8D1E6E169F}.UAT|x64.ActiveCfg = Release|x64
		{F49A0B66-9BD7-4B87-BECE-8B8D1E6E169F}.UAT|x64.Build.0 = Release|x64
		{F49A0B66-9BD7-4B87-BECE-8B8D1E6E169F}.Debug|Any CPU.Build.0 = Debug|x64
		{7B08726C-88AF-4CE6-A6F3-7AEC07100A32}.Debug|x64.ActiveCfg = Debug|x64
		{7B08726C-88AF-4CE6-A6F3-7AEC07100A32}.Debug|x64.Build.0 = Debug|x64
		{7B08726C-88AF-4CE6-A6F3-7AEC07100A32}.Release|Any CPU.ActiveCfg = Release|Any CPU
		{7B08726C-88AF-4CE6-A6F3-7AEC07100A32}.Release|Any CPU.Build.0 = Release|Any CPU
		{7B08726C-88AF-4CE6-A6F3-7AEC07100A32}.Release|x64.ActiveCfg = Release|x64
		{7B08726C-88AF-4CE6-A6F3-7AEC07100A32}.Release|x64.Build.0 = Release|x64
		{7B08726C-88AF-4CE6-A6F3-7AEC07100A32}.Staging|Any CPU.ActiveCfg = Staging|Any CPU
		{7B08726C-88AF-4CE6-A6F3-7AEC07100A32}.Staging|Any CPU.Build.0 = Staging|Any CPU
		{7B08726C-88AF-4CE6-A6F3-7AEC07100A32}.Staging|x64.ActiveCfg = Staging|x64
		{7B08726C-88AF-4CE6-A6F3-7AEC07100A32}.Staging|x64.Build.0 = Staging|x64
		{7B08726C-88AF-4CE6-A6F3-7AEC07100A32}.UAT|Any CPU.ActiveCfg = UAT|Any CPU
		{7B08726C-88AF-4CE6-A6F3-7AEC07100A32}.UAT|Any CPU.Build.0 = UAT|Any CPU
		{7B08726C-88AF-4CE6-A6F3-7AEC07100A32}.UAT|x64.ActiveCfg = UAT|x64
		{7B08726C-88AF-4CE6-A6F3-7AEC07100A32}.UAT|x64.Build.0 = UAT|x64
		{7B08726C-88AF-4CE6-A6F3-7AEC07100A32}.Debug|Any CPU.ActiveCfg = Debug|x64
		{7B08726C-88AF-4CE6-A6F3-7AEC07100A32}.Debug|Any CPU.Build.0 = Debug|x64
		{530D4A7C-F81D-4080-9C47-814931CB1375}.Debug|x64.ActiveCfg = Debug|x64
		{530D4A7C-F81D-4080-9C47-814931CB1375}.Debug|x64.Build.0 = Debug|x64
		{530D4A7C-F81D-4080-9C47-814931CB1375}.Release|Any CPU.ActiveCfg = Release|Any CPU
		{530D4A7C-F81D-4080-9C47-814931CB1375}.Release|Any CPU.Build.0 = Release|Any CPU
		{530D4A7C-F81D-4080-9C47-814931CB1375}.Release|x64.ActiveCfg = Release|x64
		{530D4A7C-F81D-4080-9C47-814931CB1375}.Release|x64.Build.0 = Release|x64
		{530D4A7C-F81D-4080-9C47-814931CB1375}.Staging|Any CPU.ActiveCfg = Staging|Any CPU
		{530D4A7C-F81D-4080-9C47-814931CB1375}.Staging|Any CPU.Build.0 = Staging|Any CPU
		{530D4A7C-F81D-4080-9C47-814931CB1375}.Staging|x64.ActiveCfg = Staging|x64
		{530D4A7C-F81D-4080-9C47-814931CB1375}.Staging|x64.Build.0 = Staging|x64
		{530D4A7C-F81D-4080-9C47-814931CB1375}.UAT|Any CPU.ActiveCfg = UAT|Any CPU
		{530D4A7C-F81D-4080-9C47-814931CB1375}.UAT|Any CPU.Build.0 = UAT|Any CPU
		{530D4A7C-F81D-4080-9C47-814931CB1375}.UAT|x64.ActiveCfg = UAT|x64
		{530D4A7C-F81D-4080-9C47-814931CB1375}.UAT|x64.Build.0 = UAT|x64
		{530D4A7C-F81D-4080-9C47-814931CB1375}.Debug|Any CPU.ActiveCfg = Debug|x64
		{530D4A7C-F81D-4080-9C47-814931CB1375}.Debug|Any CPU.Build.0 = Debug|x64
		{4862CE09-E1C6-4A14-A177-DFFA89ADF572}.Debug|Any CPU.ActiveCfg = Debug|x64
		{4862CE09-E1C6-4A14-A177-DFFA89ADF572}.Debug|x64.ActiveCfg = Debug|x64
		{4862CE09-E1C6-4A14-A177-DFFA89ADF572}.Debug|x64.Build.0 = Debug|x64
		{4862CE09-E1C6-4A14-A177-DFFA89ADF572}.Release|Any CPU.ActiveCfg = Release|x64
		{4862CE09-E1C6-4A14-A177-DFFA89ADF572}.Release|x64.ActiveCfg = Release|x64
		{4862CE09-E1C6-4A14-A177-DFFA89ADF572}.Release|x64.Build.0 = Release|x64
		{4862CE09-E1C6-4A14-A177-DFFA89ADF572}.Staging|Any CPU.ActiveCfg = Release|x64
		{4862CE09-E1C6-4A14-A177-DFFA89ADF572}.Staging|Any CPU.Build.0 = Release|x64
		{4862CE09-E1C6-4A14-A177-DFFA89ADF572}.Staging|x64.ActiveCfg = Release|x64
		{4862CE09-E1C6-4A14-A177-DFFA89ADF572}.Staging|x64.Build.0 = Release|x64
		{4862CE09-E1C6-4A14-A177-DFFA89ADF572}.UAT|Any CPU.ActiveCfg = Release|x64
		{4862CE09-E1C6-4A14-A177-DFFA89ADF572}.UAT|Any CPU.Build.0 = Release|x64
		{4862CE09-E1C6-4A14-A177-DFFA89ADF572}.UAT|x64.ActiveCfg = Release|x64
		{4862CE09-E1C6-4A14-A177-DFFA89ADF572}.UAT|x64.Build.0 = Release|x64
		{4862CE09-E1C6-4A14-A177-DFFA89ADF572}.Debug|Any CPU.Build.0 = Debug|x64
		{96852DFE-26A5-487E-927B-43D327421364}.Debug|Any CPU.ActiveCfg = Debug|x64
		{96852DFE-26A5-487E-927B-43D327421364}.Debug|x64.ActiveCfg = Debug|x64
		{96852DFE-26A5-487E-927B-43D327421364}.Debug|x64.Build.0 = Debug|x64
		{96852DFE-26A5-487E-927B-43D327421364}.Release|Any CPU.ActiveCfg = Release|x64
		{96852DFE-26A5-487E-927B-43D327421364}.Release|x64.ActiveCfg = Release|x64
		{96852DFE-26A5-487E-927B-43D327421364}.Release|x64.Build.0 = Release|x64
		{96852DFE-26A5-487E-927B-43D327421364}.Staging|Any CPU.ActiveCfg = Release|x64
		{96852DFE-26A5-487E-927B-43D327421364}.Staging|Any CPU.Build.0 = Release|x64
		{96852DFE-26A5-487E-927B-43D327421364}.Staging|x64.ActiveCfg = Release|x64
		{96852DFE-26A5-487E-927B-43D327421364}.Staging|x64.Build.0 = Release|x64
		{96852DFE-26A5-487E-927B-43D327421364}.UAT|Any CPU.ActiveCfg = Release|x64
		{96852DFE-26A5-487E-927B-43D327421364}.UAT|Any CPU.Build.0 = Release|x64
		{96852DFE-26A5-487E-927B-43D327421364}.UAT|x64.ActiveCfg = Release|x64
		{96852DFE-26A5-487E-927B-43D327421364}.UAT|x64.Build.0 = Release|x64
		{96852DFE-26A5-487E-927B-43D327421364}.Debug|Any CPU.Build.0 = Debug|x64
		{096DD242-472A-4968-9067-1433D1078D40}.Debug|Any CPU.ActiveCfg = Debug|Any CPU
		{096DD242-472A-4968-9067-1433D1078D40}.Debug|Any CPU.Build.0 = Debug|Any CPU
		{096DD242-472A-4968-9067-1433D1078D40}.Debug|x64.ActiveCfg = Debug|x64
		{096DD242-472A-4968-9067-1433D1078D40}.Debug|x64.Build.0 = Debug|x64
		{096DD242-472A-4968-9067-1433D1078D40}.Release|Any CPU.ActiveCfg = Release|Any CPU
		{096DD242-472A-4968-9067-1433D1078D40}.Release|Any CPU.Build.0 = Release|Any CPU
		{096DD242-472A-4968-9067-1433D1078D40}.Release|x64.ActiveCfg = Release|x64
		{096DD242-472A-4968-9067-1433D1078D40}.Release|x64.Build.0 = Release|x64
		{096DD242-472A-4968-9067-1433D1078D40}.Staging|Any CPU.ActiveCfg = Staging|Any CPU
		{096DD242-472A-4968-9067-1433D1078D40}.Staging|Any CPU.Build.0 = Staging|Any CPU
		{096DD242-472A-4968-9067-1433D1078D40}.Staging|x64.ActiveCfg = Staging|x64
		{096DD242-472A-4968-9067-1433D1078D40}.Staging|x64.Build.0 = Staging|x64
		{096DD242-472A-4968-9067-1433D1078D40}.UAT|Any CPU.ActiveCfg = UAT|Any CPU
		{096DD242-472A-4968-9067-1433D1078D40}.UAT|Any CPU.Build.0 = UAT|Any CPU
		{096DD242-472A-4968-9067-1433D1078D40}.UAT|x64.ActiveCfg = UAT|x64
		{096DD242-472A-4968-9067-1433D1078D40}.UAT|x64.Build.0 = UAT|x64
		{8A77928D-CCF6-4DC5-84A9-92C69A0D81BC}.Debug|x64.ActiveCfg = Debug|x64
		{8A77928D-CCF6-4DC5-84A9-92C69A0D81BC}.Debug|x64.Build.0 = Debug|x64
		{8A77928D-CCF6-4DC5-84A9-92C69A0D81BC}.Release|Any CPU.ActiveCfg = Release|Any CPU
		{8A77928D-CCF6-4DC5-84A9-92C69A0D81BC}.Release|Any CPU.Build.0 = Release|Any CPU
		{8A77928D-CCF6-4DC5-84A9-92C69A0D81BC}.Release|x64.ActiveCfg = Release|x64
		{8A77928D-CCF6-4DC5-84A9-92C69A0D81BC}.Release|x64.Build.0 = Release|x64
		{8A77928D-CCF6-4DC5-84A9-92C69A0D81BC}.Staging|Any CPU.ActiveCfg = Staging|Any CPU
		{8A77928D-CCF6-4DC5-84A9-92C69A0D81BC}.Staging|Any CPU.Build.0 = Staging|Any CPU
		{8A77928D-CCF6-4DC5-84A9-92C69A0D81BC}.Staging|x64.ActiveCfg = Staging|x64
		{8A77928D-CCF6-4DC5-84A9-92C69A0D81BC}.Staging|x64.Build.0 = Staging|x64
		{8A77928D-CCF6-4DC5-84A9-92C69A0D81BC}.UAT|Any CPU.ActiveCfg = UAT|Any CPU
		{8A77928D-CCF6-4DC5-84A9-92C69A0D81BC}.UAT|Any CPU.Build.0 = UAT|Any CPU
		{8A77928D-CCF6-4DC5-84A9-92C69A0D81BC}.UAT|x64.ActiveCfg = UAT|x64
		{8A77928D-CCF6-4DC5-84A9-92C69A0D81BC}.UAT|x64.Build.0 = UAT|x64
		{8A77928D-CCF6-4DC5-84A9-92C69A0D81BC}.Debug|Any CPU.ActiveCfg = Debug|x64
		{8A77928D-CCF6-4DC5-84A9-92C69A0D81BC}.Debug|Any CPU.Build.0 = Debug|x64
		{001E4E7B-FE35-46A7-8C2E-14D5B929C5FF}.Debug|Any CPU.ActiveCfg = Debug|Any CPU
		{001E4E7B-FE35-46A7-8C2E-14D5B929C5FF}.Debug|x64.ActiveCfg = Debug|x64
		{001E4E7B-FE35-46A7-8C2E-14D5B929C5FF}.Debug|x64.Build.0 = Debug|x64
		{001E4E7B-FE35-46A7-8C2E-14D5B929C5FF}.Release|Any CPU.ActiveCfg = Release|Any CPU
		{001E4E7B-FE35-46A7-8C2E-14D5B929C5FF}.Release|Any CPU.Build.0 = Release|Any CPU
		{001E4E7B-FE35-46A7-8C2E-14D5B929C5FF}.Release|x64.ActiveCfg = Release|x64
		{001E4E7B-FE35-46A7-8C2E-14D5B929C5FF}.Release|x64.Build.0 = Release|x64
		{001E4E7B-FE35-46A7-8C2E-14D5B929C5FF}.Staging|Any CPU.ActiveCfg = Debug|Any CPU
		{001E4E7B-FE35-46A7-8C2E-14D5B929C5FF}.Staging|Any CPU.Build.0 = Debug|Any CPU
		{001E4E7B-FE35-46A7-8C2E-14D5B929C5FF}.Staging|x64.ActiveCfg = UAT|x64
		{001E4E7B-FE35-46A7-8C2E-14D5B929C5FF}.Staging|x64.Build.0 = UAT|x64
		{001E4E7B-FE35-46A7-8C2E-14D5B929C5FF}.UAT|Any CPU.ActiveCfg = UAT|Any CPU
		{001E4E7B-FE35-46A7-8C2E-14D5B929C5FF}.UAT|Any CPU.Build.0 = UAT|Any CPU
		{001E4E7B-FE35-46A7-8C2E-14D5B929C5FF}.UAT|x64.ActiveCfg = UAT|x64
		{001E4E7B-FE35-46A7-8C2E-14D5B929C5FF}.UAT|x64.Build.0 = UAT|x64
		{3CB0BB4E-B759-4365-AC7E-2BD7F0550CC9}.Debug|Any CPU.ActiveCfg = Debug|x64
		{3CB0BB4E-B759-4365-AC7E-2BD7F0550CC9}.Debug|x64.ActiveCfg = Debug|x64
		{3CB0BB4E-B759-4365-AC7E-2BD7F0550CC9}.Debug|x64.Build.0 = Debug|x64
		{3CB0BB4E-B759-4365-AC7E-2BD7F0550CC9}.Release|Any CPU.ActiveCfg = Release|x64
		{3CB0BB4E-B759-4365-AC7E-2BD7F0550CC9}.Release|x64.ActiveCfg = Release|x64
		{3CB0BB4E-B759-4365-AC7E-2BD7F0550CC9}.Release|x64.Build.0 = Release|x64
		{3CB0BB4E-B759-4365-AC7E-2BD7F0550CC9}.Staging|Any CPU.ActiveCfg = Release|x64
		{3CB0BB4E-B759-4365-AC7E-2BD7F0550CC9}.Staging|Any CPU.Build.0 = Release|x64
		{3CB0BB4E-B759-4365-AC7E-2BD7F0550CC9}.Staging|x64.ActiveCfg = Release|x64
		{3CB0BB4E-B759-4365-AC7E-2BD7F0550CC9}.Staging|x64.Build.0 = Release|x64
		{3CB0BB4E-B759-4365-AC7E-2BD7F0550CC9}.UAT|Any CPU.ActiveCfg = Release|x64
		{3CB0BB4E-B759-4365-AC7E-2BD7F0550CC9}.UAT|Any CPU.Build.0 = Release|x64
		{3CB0BB4E-B759-4365-AC7E-2BD7F0550CC9}.UAT|x64.ActiveCfg = Release|x64
		{3CB0BB4E-B759-4365-AC7E-2BD7F0550CC9}.UAT|x64.Build.0 = Release|x64
		{3CB0BB4E-B759-4365-AC7E-2BD7F0550CC9}.Debug|Any CPU.Build.0 = Debug|x64
		{931F00AD-FE9F-4B81-8B76-7BEF8A31D378}.Debug|Any CPU.ActiveCfg = Debug|Any CPU
		{931F00AD-FE9F-4B81-8B76-7BEF8A31D378}.Debug|Any CPU.Build.0 = Debug|Any CPU
		{931F00AD-FE9F-4B81-8B76-7BEF8A31D378}.Debug|x64.ActiveCfg = Debug|Any CPU
		{931F00AD-FE9F-4B81-8B76-7BEF8A31D378}.Debug|x64.Build.0 = Debug|Any CPU
		{931F00AD-FE9F-4B81-8B76-7BEF8A31D378}.Release|Any CPU.ActiveCfg = Release|Any CPU
		{931F00AD-FE9F-4B81-8B76-7BEF8A31D378}.Release|Any CPU.Build.0 = Release|Any CPU
		{931F00AD-FE9F-4B81-8B76-7BEF8A31D378}.Staging|Any CPU.ActiveCfg = Debug|Any CPU
		{931F00AD-FE9F-4B81-8B76-7BEF8A31D378}.Staging|Any CPU.Build.0 = Debug|Any CPU
		{931F00AD-FE9F-4B81-8B76-7BEF8A31D378}.Staging|x64.ActiveCfg = Debug|Any CPU
		{931F00AD-FE9F-4B81-8B76-7BEF8A31D378}.Staging|x64.Build.0 = Debug|Any CPU
		{931F00AD-FE9F-4B81-8B76-7BEF8A31D378}.UAT|Any CPU.ActiveCfg = Debug|Any CPU
		{931F00AD-FE9F-4B81-8B76-7BEF8A31D378}.UAT|Any CPU.Build.0 = Debug|Any CPU
		{931F00AD-FE9F-4B81-8B76-7BEF8A31D378}.UAT|x64.ActiveCfg = Debug|Any CPU
		{931F00AD-FE9F-4B81-8B76-7BEF8A31D378}.UAT|x64.Build.0 = Debug|Any CPU
		{931F00AD-FE9F-4B81-8B76-7BEF8A31D378}.Release|x64.ActiveCfg = Release|x64
		{931F00AD-FE9F-4B81-8B76-7BEF8A31D378}.Release|x64.Build.0 = Release|x64
		{0CF24E0F-ACE9-4ED2-A19F-6F7B7D1CE755}.Debug|Any CPU.ActiveCfg = Debug|Any CPU
		{0CF24E0F-ACE9-4ED2-A19F-6F7B7D1CE755}.Debug|Any CPU.Build.0 = Debug|Any CPU
		{0CF24E0F-ACE9-4ED2-A19F-6F7B7D1CE755}.Debug|x64.ActiveCfg = Debug|Any CPU
		{0CF24E0F-ACE9-4ED2-A19F-6F7B7D1CE755}.Debug|x64.Build.0 = Debug|Any CPU
		{0CF24E0F-ACE9-4ED2-A19F-6F7B7D1CE755}.Release|Any CPU.ActiveCfg = Release|Any CPU
		{0CF24E0F-ACE9-4ED2-A19F-6F7B7D1CE755}.Release|Any CPU.Build.0 = Release|Any CPU
		{0CF24E0F-ACE9-4ED2-A19F-6F7B7D1CE755}.Staging|Any CPU.ActiveCfg = Debug|Any CPU
		{0CF24E0F-ACE9-4ED2-A19F-6F7B7D1CE755}.Staging|Any CPU.Build.0 = Debug|Any CPU
		{0CF24E0F-ACE9-4ED2-A19F-6F7B7D1CE755}.Staging|x64.ActiveCfg = Debug|Any CPU
		{0CF24E0F-ACE9-4ED2-A19F-6F7B7D1CE755}.Staging|x64.Build.0 = Debug|Any CPU
		{0CF24E0F-ACE9-4ED2-A19F-6F7B7D1CE755}.UAT|Any CPU.ActiveCfg = Debug|Any CPU
		{0CF24E0F-ACE9-4ED2-A19F-6F7B7D1CE755}.UAT|Any CPU.Build.0 = Debug|Any CPU
		{0CF24E0F-ACE9-4ED2-A19F-6F7B7D1CE755}.UAT|x64.ActiveCfg = Debug|Any CPU
		{0CF24E0F-ACE9-4ED2-A19F-6F7B7D1CE755}.UAT|x64.Build.0 = Debug|Any CPU
		{0CF24E0F-ACE9-4ED2-A19F-6F7B7D1CE755}.Release|x64.ActiveCfg = Release|x64
		{0CF24E0F-ACE9-4ED2-A19F-6F7B7D1CE755}.Release|x64.Build.0 = Release|x64
		{8DCFEA04-56CF-4043-AD28-8579AD7B2F47}.Debug|Any CPU.ActiveCfg = Debug|Any CPU
		{8DCFEA04-56CF-4043-AD28-8579AD7B2F47}.Debug|x64.ActiveCfg = Debug|Any CPU
		{8DCFEA04-56CF-4043-AD28-8579AD7B2F47}.Debug|x64.Build.0 = Debug|Any CPU
		{8DCFEA04-56CF-4043-AD28-8579AD7B2F47}.Release|Any CPU.ActiveCfg = Release|Any CPU
		{8DCFEA04-56CF-4043-AD28-8579AD7B2F47}.Release|Any CPU.Build.0 = Release|Any CPU
		{8DCFEA04-56CF-4043-AD28-8579AD7B2F47}.Release|x64.ActiveCfg = Release|Any CPU
		{8DCFEA04-56CF-4043-AD28-8579AD7B2F47}.Release|x64.Build.0 = Release|Any CPU
		{8DCFEA04-56CF-4043-AD28-8579AD7B2F47}.Staging|Any CPU.ActiveCfg = Debug|Any CPU
		{8DCFEA04-56CF-4043-AD28-8579AD7B2F47}.Staging|Any CPU.Build.0 = Debug|Any CPU
		{8DCFEA04-56CF-4043-AD28-8579AD7B2F47}.Staging|x64.ActiveCfg = Debug|Any CPU
		{8DCFEA04-56CF-4043-AD28-8579AD7B2F47}.Staging|x64.Build.0 = Debug|Any CPU
		{8DCFEA04-56CF-4043-AD28-8579AD7B2F47}.UAT|Any CPU.ActiveCfg = Debug|Any CPU
		{8DCFEA04-56CF-4043-AD28-8579AD7B2F47}.UAT|Any CPU.Build.0 = Debug|Any CPU
		{8DCFEA04-56CF-4043-AD28-8579AD7B2F47}.UAT|x64.ActiveCfg = Debug|Any CPU
		{8DCFEA04-56CF-4043-AD28-8579AD7B2F47}.UAT|x64.Build.0 = Debug|Any CPU
		{634F9115-E462-48A4-9CDD-51B0C41C474E}.Debug|Any CPU.ActiveCfg = Debug|Any CPU
		{634F9115-E462-48A4-9CDD-51B0C41C474E}.Debug|Any CPU.Build.0 = Debug|Any CPU
		{634F9115-E462-48A4-9CDD-51B0C41C474E}.Debug|x64.ActiveCfg = Debug|Any CPU
		{634F9115-E462-48A4-9CDD-51B0C41C474E}.Debug|x64.Build.0 = Debug|Any CPU
		{634F9115-E462-48A4-9CDD-51B0C41C474E}.Release|Any CPU.ActiveCfg = Release|Any CPU
		{634F9115-E462-48A4-9CDD-51B0C41C474E}.Release|Any CPU.Build.0 = Release|Any CPU
		{634F9115-E462-48A4-9CDD-51B0C41C474E}.Staging|Any CPU.ActiveCfg = Debug|Any CPU
		{634F9115-E462-48A4-9CDD-51B0C41C474E}.Staging|Any CPU.Build.0 = Debug|Any CPU
		{634F9115-E462-48A4-9CDD-51B0C41C474E}.Staging|x64.ActiveCfg = Debug|Any CPU
		{634F9115-E462-48A4-9CDD-51B0C41C474E}.Staging|x64.Build.0 = Debug|Any CPU
		{634F9115-E462-48A4-9CDD-51B0C41C474E}.UAT|Any CPU.ActiveCfg = Debug|Any CPU
		{634F9115-E462-48A4-9CDD-51B0C41C474E}.UAT|Any CPU.Build.0 = Debug|Any CPU
		{634F9115-E462-48A4-9CDD-51B0C41C474E}.UAT|x64.ActiveCfg = Debug|Any CPU
		{634F9115-E462-48A4-9CDD-51B0C41C474E}.UAT|x64.Build.0 = Debug|Any CPU
		{634F9115-E462-48A4-9CDD-51B0C41C474E}.Release|x64.ActiveCfg = Release|x64
		{634F9115-E462-48A4-9CDD-51B0C41C474E}.Release|x64.Build.0 = Release|x64
	EndGlobalSection
	GlobalSection(SolutionProperties) = preSolution
		HideSolutionNode = FALSE
	EndGlobalSection
	GlobalSection(NestedProjects) = preSolution
		{1926BCF4-6E4A-4660-8A68-988C2CBAEA1A} = {8348CC18-C19D-4ED9-80CF-AE11C641C4D2}
		{569280E0-0906-45A4-83E5-AC54B0797014} = {8348CC18-C19D-4ED9-80CF-AE11C641C4D2}
		{001E4E7B-FE35-46A7-8C2E-14D5B929C5FF} = {8348CC18-C19D-4ED9-80CF-AE11C641C4D2}
		{8DCFEA04-56CF-4043-AD28-8579AD7B2F47} = {8348CC18-C19D-4ED9-80CF-AE11C641C4D2}
	EndGlobalSection
	GlobalSection(ExtensibilityGlobals) = postSolution
		SolutionGuid = {C6500213-6CF9-462C-B95D-DCF91FC64889}
	EndGlobalSection
EndGlobal
